
Microsoft Visual Studio Solution File, Format Version 12.00
# Visual Studio Version 17
VisualStudioVersion = 17.0.32014.148
MinimumVisualStudioVersion = 10.0.40219.1
Project("{FAE04EC0-301F-11D3-BF4B-00C04F79EFBC}") = "Serialization", "Examples\Serialization\Serialization.csproj", "{6F968045-435F-494E-BAAE-3D114B3EAE97}"
EndProject
Project("{FAE04EC0-301F-11D3-BF4B-00C04F79EFBC}") = "Proto", "Proto\Proto.csproj", "{A2381252-92A2-407C-A008-315AEBBF9DD9}"
EndProject
Project("{2150E333-8FDC-42A3-9474-1A3956D46DE8}") = "Examples", "Examples", "{609981CD-08D9-4D72-99D9-F9E4F38E9297}"
EndProject
Project("{FAE04EC0-301F-11D3-BF4B-00C04F79EFBC}") = "Create", "Examples\Create\Create.csproj", "{3C2E8B7F-73AB-477E-A6CF-78C90005DF3C}"
EndProject
Project("{2150E333-8FDC-42A3-9474-1A3956D46DE8}") = "Tests", "Tests", "{3B8D07F3-EC45-45CB-8B06-EB512BE97F96}"
EndProject
Project("{FAE04EC0-301F-11D3-BF4B-00C04F79EFBC}") = "Tests", "Tests\Tests.csproj", "{08F45D5D-3AD9-48D2-8CA7-44F41386BECA}"
EndProject
Project("{FAE04EC0-301F-11D3-BF4B-00C04F79EFBC}") = "SendReceive", "Examples\SendReceive\SendReceive.csproj", "{0AEC2ABB-DBFA-4204-85D9-F68FD7396A64}"
EndProject
Project("{2150E333-8FDC-42A3-9474-1A3956D46DE8}") = "Benchmarks", "Benchmarks", "{3C2C8C0F-4311-4DCA-A718-8F8E2CEED772}"
EndProject
Project("{FAE04EC0-301F-11D3-BF4B-00C04F79EFBC}") = "Benchmarks", "Benchmarks\Benchmarks.csproj", "{386A50AD-9FA1-4365-AA89-1AF2AF51AFB5}"
EndProject
Project("{FAE04EC0-301F-11D3-BF4B-00C04F79EFBC}") = "SerializationJson", "Examples\SerializationJson\SerializationJson.csproj", "{16859B59-BDA4-4563-8F62-025AFEDEAC1F}"
EndProject
Project("{FAE04EC0-301F-11D3-BF4B-00C04F79EFBC}") = "SerializationFinal", "Examples\SerializationFinal\SerializationFinal.csproj", "{11702589-977F-4FE9-9AA7-15F65EAFD9FA}"
EndProject
Project("{FAE04EC0-301F-11D3-BF4B-00C04F79EFBC}") = "Print", "Examples\Print\Print.csproj", "{C0A16FDE-F144-4ED0-81E1-7EF5F106F994}"
EndProject
Project("{FAE04EC0-301F-11D3-BF4B-00C04F79EFBC}") = "PrintJson", "Examples\PrintJson\PrintJson.csproj", "{E238EB3B-E76A-4DFC-9DBD-170D8DDDEA2E}"
EndProject
Global
	GlobalSection(SolutionConfigurationPlatforms) = preSolution
		Debug|Any CPU = Debug|Any CPU
		Release|Any CPU = Release|Any CPU
	EndGlobalSection
	GlobalSection(ProjectConfigurationPlatforms) = postSolution
		{6F968045-435F-494E-BAAE-3D114B3EAE97}.Debug|Any CPU.ActiveCfg = Debug|Any CPU
		{6F968045-435F-494E-BAAE-3D114B3EAE97}.Debug|Any CPU.Build.0 = Debug|Any CPU
		{6F968045-435F-494E-BAAE-3D114B3EAE97}.Release|Any CPU.ActiveCfg = Release|Any CPU
		{6F968045-435F-494E-BAAE-3D114B3EAE97}.Release|Any CPU.Build.0 = Release|Any CPU
		{A2381252-92A2-407C-A008-315AEBBF9DD9}.Debug|Any CPU.ActiveCfg = Debug|Any CPU
		{A2381252-92A2-407C-A008-315AEBBF9DD9}.Debug|Any CPU.Build.0 = Debug|Any CPU
		{A2381252-92A2-407C-A008-315AEBBF9DD9}.Release|Any CPU.ActiveCfg = Release|Any CPU
		{A2381252-92A2-407C-A008-315AEBBF9DD9}.Release|Any CPU.Build.0 = Release|Any CPU
		{3C2E8B7F-73AB-477E-A6CF-78C90005DF3C}.Debug|Any CPU.ActiveCfg = Debug|Any CPU
		{3C2E8B7F-73AB-477E-A6CF-78C90005DF3C}.Debug|Any CPU.Build.0 = Debug|Any CPU
		{3C2E8B7F-73AB-477E-A6CF-78C90005DF3C}.Release|Any CPU.ActiveCfg = Release|Any CPU
		{3C2E8B7F-73AB-477E-A6CF-78C90005DF3C}.Release|Any CPU.Build.0 = Release|Any CPU
		{08F45D5D-3AD9-48D2-8CA7-44F41386BECA}.Debug|Any CPU.ActiveCfg = Debug|Any CPU
		{08F45D5D-3AD9-48D2-8CA7-44F41386BECA}.Debug|Any CPU.Build.0 = Debug|Any CPU
		{08F45D5D-3AD9-48D2-8CA7-44F41386BECA}.Release|Any CPU.ActiveCfg = Release|Any CPU
		{08F45D5D-3AD9-48D2-8CA7-44F41386BECA}.Release|Any CPU.Build.0 = Release|Any CPU
		{0AEC2ABB-DBFA-4204-85D9-F68FD7396A64}.Debug|Any CPU.ActiveCfg = Debug|Any CPU
		{0AEC2ABB-DBFA-4204-85D9-F68FD7396A64}.Debug|Any CPU.Build.0 = Debug|Any CPU
		{0AEC2ABB-DBFA-4204-85D9-F68FD7396A64}.Release|Any CPU.ActiveCfg = Release|Any CPU
		{0AEC2ABB-DBFA-4204-85D9-F68FD7396A64}.Release|Any CPU.Build.0 = Release|Any CPU
		{386A50AD-9FA1-4365-AA89-1AF2AF51AFB5}.Debug|Any CPU.ActiveCfg = Debug|Any CPU
		{386A50AD-9FA1-4365-AA89-1AF2AF51AFB5}.Debug|Any CPU.Build.0 = Debug|Any CPU
		{386A50AD-9FA1-4365-AA89-1AF2AF51AFB5}.Release|Any CPU.ActiveCfg = Release|Any CPU
		{386A50AD-9FA1-4365-AA89-1AF2AF51AFB5}.Release|Any CPU.Build.0 = Release|Any CPU
		{16859B59-BDA4-4563-8F62-025AFEDEAC1F}.Debug|Any CPU.ActiveCfg = Debug|Any CPU
		{16859B59-BDA4-4563-8F62-025AFEDEAC1F}.Debug|Any CPU.Build.0 = Debug|Any CPU
		{16859B59-BDA4-4563-8F62-025AFEDEAC1F}.Release|Any CPU.ActiveCfg = Release|Any CPU
		{16859B59-BDA4-4563-8F62-025AFEDEAC1F}.Release|Any CPU.Build.0 = Release|Any CPU
		{11702589-977F-4FE9-9AA7-15F65EAFD9FA}.Debug|Any CPU.ActiveCfg = Debug|Any CPU
		{11702589-977F-4FE9-9AA7-15F65EAFD9FA}.Debug|Any CPU.Build.0 = Debug|Any CPU
		{11702589-977F-4FE9-9AA7-15F65EAFD9FA}.Release|Any CPU.ActiveCfg = Release|Any CPU
		{11702589-977F-4FE9-9AA7-15F65EAFD9FA}.Release|Any CPU.Build.0 = Release|Any CPU
		{C0A16FDE-F144-4ED0-81E1-7EF5F106F994}.Debug|Any CPU.ActiveCfg = Debug|Any CPU
		{C0A16FDE-F144-4ED0-81E1-7EF5F106F994}.Debug|Any CPU.Build.0 = Debug|Any CPU
		{C0A16FDE-F144-4ED0-81E1-7EF5F106F994}.Release|Any CPU.ActiveCfg = Release|Any CPU
		{C0A16FDE-F144-4ED0-81E1-7EF5F106F994}.Release|Any CPU.Build.0 = Release|Any CPU
		{E238EB3B-E76A-4DFC-9DBD-170D8DDDEA2E}.Debug|Any CPU.ActiveCfg = Debug|Any CPU
		{E238EB3B-E76A-4DFC-9DBD-170D8DDDEA2E}.Debug|Any CPU.Build.0 = Debug|Any CPU
		{E238EB3B-E76A-4DFC-9DBD-170D8DDDEA2E}.Release|Any CPU.ActiveCfg = Release|Any CPU
		{E238EB3B-E76A-4DFC-9DBD-170D8DDDEA2E}.Release|Any CPU.Build.0 = Release|Any CPU
	EndGlobalSection
	GlobalSection(SolutionProperties) = preSolution
		HideSolutionNode = FALSE
	EndGlobalSection
	GlobalSection(NestedProjects) = preSolution
		{6F968045-435F-494E-BAAE-3D114B3EAE97} = {609981CD-08D9-4D72-99D9-F9E4F38E9297}
		{3C2E8B7F-73AB-477E-A6CF-78C90005DF3C} = {609981CD-08D9-4D72-99D9-F9E4F38E9297}
		{08F45D5D-3AD9-48D2-8CA7-44F41386BECA} = {3B8D07F3-EC45-45CB-8B06-EB512BE97F96}
		{0AEC2ABB-DBFA-4204-85D9-F68FD7396A64} = {609981CD-08D9-4D72-99D9-F9E4F38E9297}
		{386A50AD-9FA1-4365-AA89-1AF2AF51AFB5} = {3C2C8C0F-4311-4DCA-A718-8F8E2CEED772}
		{16859B59-BDA4-4563-8F62-025AFEDEAC1F} = {609981CD-08D9-4D72-99D9-F9E4F38E9297}
		{11702589-977F-4FE9-9AA7-15F65EAFD9FA} = {609981CD-08D9-4D72-99D9-F9E4F38E9297}
		{C0A16FDE-F144-4ED0-81E1-7EF5F106F994} = {609981CD-08D9-4D72-99D9-F9E4F38E9297}
		{E238EB3B-E76A-4DFC-9DBD-170D8DDDEA2E} = {609981CD-08D9-4D72-99D9-F9E4F38E9297}
	EndGlobalSection
	GlobalSection(ExtensibilityGlobals) = postSolution
		SolutionGuid = {C43B6BE8-051D-4805-B015-F1769EAAFF52}
	EndGlobalSection
EndGlobal
