
Microsoft Visual Studio Solution File, Format Version 12.00
# Visual Studio 15
VisualStudioVersion = 15.0.27703.2042
MinimumVisualStudioVersion = 10.0.40219.1
Project("{9A19103F-16F7-4668-BE54-9A1E7A4F7556}") = "Proto", "Proto\Proto.csproj", "{20F9FA20-FA2D-409E-A474-49C12449E42F}"
EndProject
Project("{2150E333-8FDC-42A3-9474-1A3956D46DE8}") = "Tests", "Tests", "{B0F19206-A372-4495-A2EE-0703269FFF5F}"
EndProject
Project("{9A19103F-16F7-4668-BE54-9A1E7A4F7556}") = "Tests", "Tests\Tests.csproj", "{6EF1CBBC-EA8A-4B1A-B994-A7A0F7152009}"
EndProject
Project("{2150E333-8FDC-42A3-9474-1A3956D46DE8}") = "Examples", "Examples", "{6C9432D5-D6DC-4FD7-B749-C7DCE59B8E9A}"
EndProject
Project("{9A19103F-16F7-4668-BE54-9A1E7A4F7556}") = "Create", "Examples\Create\Create.csproj", "{E6711135-78D9-486F-A65B-C5F1126EFC8A}"
EndProject
Project("{9A19103F-16F7-4668-BE54-9A1E7A4F7556}") = "SendReceive", "Examples\SendReceive\SendReceive.csproj", "{873D4D2B-ACA1-456F-923D-41972EB2EDA4}"
EndProject
Project("{9A19103F-16F7-4668-BE54-9A1E7A4F7556}") = "Serialization", "Examples\Serialization\Serialization.csproj", "{A44FD326-7254-468B-993E-91A7C5E1D136}"
EndProject
Project("{9A19103F-16F7-4668-BE54-9A1E7A4F7556}") = "SerializationFinal", "Examples\SerializationFinal\SerializationFinal.csproj", "{C8B47A78-C7AE-4267-B334-E8EE28E87D3C}"
EndProject
Project("{9A19103F-16F7-4668-BE54-9A1E7A4F7556}") = "SerializationJson", "Examples\SerializationJson\SerializationJson.csproj", "{66E62F76-CE78-4F80-AD36-79B6FB743C66}"
EndProject
Project("{2150E333-8FDC-42A3-9474-1A3956D46DE8}") = "Benchmarks", "Benchmarks", "{1AB2C1D1-FD95-4A8F-9000-C1B151BD7846}"
EndProject
Project("{9A19103F-16F7-4668-BE54-9A1E7A4F7556}") = "Benchmarks", "Benchmarks\Benchmarks.csproj", "{CE11F601-99D8-4DA7-9449-BA502E7F15E8}"
EndProject
Project("{9A19103F-16F7-4668-BE54-9A1E7A4F7556}") = "Print", "Examples\Print\Print.csproj", "{9E322CCD-4303-4728-A08F-149202FE63BD}"
EndProject
Project("{FAE04EC0-301F-11D3-BF4B-00C04F79EFBC}") = "PrintJson", "Examples\PrintJson\PrintJson.csproj", "{1EF852D7-EF16-44E3-A152-2A9C043E629B}"
EndProject
Global
	GlobalSection(SolutionConfigurationPlatforms) = preSolution
		Debug|Any CPU = Debug|Any CPU
		Release|Any CPU = Release|Any CPU
	EndGlobalSection
	GlobalSection(ProjectConfigurationPlatforms) = postSolution
		{20F9FA20-FA2D-409E-A474-49C12449E42F}.Debug|Any CPU.ActiveCfg = Debug|Any CPU
		{20F9FA20-FA2D-409E-A474-49C12449E42F}.Debug|Any CPU.Build.0 = Debug|Any CPU
		{20F9FA20-FA2D-409E-A474-49C12449E42F}.Release|Any CPU.ActiveCfg = Release|Any CPU
		{20F9FA20-FA2D-409E-A474-49C12449E42F}.Release|Any CPU.Build.0 = Release|Any CPU
		{6EF1CBBC-EA8A-4B1A-B994-A7A0F7152009}.Debug|Any CPU.ActiveCfg = Debug|Any CPU
		{6EF1CBBC-EA8A-4B1A-B994-A7A0F7152009}.Debug|Any CPU.Build.0 = Debug|Any CPU
		{6EF1CBBC-EA8A-4B1A-B994-A7A0F7152009}.Release|Any CPU.ActiveCfg = Release|Any CPU
		{6EF1CBBC-EA8A-4B1A-B994-A7A0F7152009}.Release|Any CPU.Build.0 = Release|Any CPU
		{E6711135-78D9-486F-A65B-C5F1126EFC8A}.Debug|Any CPU.ActiveCfg = Debug|Any CPU
		{E6711135-78D9-486F-A65B-C5F1126EFC8A}.Debug|Any CPU.Build.0 = Debug|Any CPU
		{E6711135-78D9-486F-A65B-C5F1126EFC8A}.Release|Any CPU.ActiveCfg = Release|Any CPU
		{E6711135-78D9-486F-A65B-C5F1126EFC8A}.Release|Any CPU.Build.0 = Release|Any CPU
		{873D4D2B-ACA1-456F-923D-41972EB2EDA4}.Debug|Any CPU.ActiveCfg = Debug|Any CPU
		{873D4D2B-ACA1-456F-923D-41972EB2EDA4}.Debug|Any CPU.Build.0 = Debug|Any CPU
		{873D4D2B-ACA1-456F-923D-41972EB2EDA4}.Release|Any CPU.ActiveCfg = Release|Any CPU
		{873D4D2B-ACA1-456F-923D-41972EB2EDA4}.Release|Any CPU.Build.0 = Release|Any CPU
		{A44FD326-7254-468B-993E-91A7C5E1D136}.Debug|Any CPU.ActiveCfg = Debug|Any CPU
		{A44FD326-7254-468B-993E-91A7C5E1D136}.Debug|Any CPU.Build.0 = Debug|Any CPU
		{A44FD326-7254-468B-993E-91A7C5E1D136}.Release|Any CPU.ActiveCfg = Release|Any CPU
		{A44FD326-7254-468B-993E-91A7C5E1D136}.Release|Any CPU.Build.0 = Release|Any CPU
		{C8B47A78-C7AE-4267-B334-E8EE28E87D3C}.Debug|Any CPU.ActiveCfg = Debug|Any CPU
		{C8B47A78-C7AE-4267-B334-E8EE28E87D3C}.Debug|Any CPU.Build.0 = Debug|Any CPU
		{C8B47A78-C7AE-4267-B334-E8EE28E87D3C}.Release|Any CPU.ActiveCfg = Release|Any CPU
		{C8B47A78-C7AE-4267-B334-E8EE28E87D3C}.Release|Any CPU.Build.0 = Release|Any CPU
		{66E62F76-CE78-4F80-AD36-79B6FB743C66}.Debug|Any CPU.ActiveCfg = Debug|Any CPU
		{66E62F76-CE78-4F80-AD36-79B6FB743C66}.Debug|Any CPU.Build.0 = Debug|Any CPU
		{66E62F76-CE78-4F80-AD36-79B6FB743C66}.Release|Any CPU.ActiveCfg = Release|Any CPU
		{66E62F76-CE78-4F80-AD36-79B6FB743C66}.Release|Any CPU.Build.0 = Release|Any CPU
		{CE11F601-99D8-4DA7-9449-BA502E7F15E8}.Debug|Any CPU.ActiveCfg = Debug|Any CPU
		{CE11F601-99D8-4DA7-9449-BA502E7F15E8}.Debug|Any CPU.Build.0 = Debug|Any CPU
		{CE11F601-99D8-4DA7-9449-BA502E7F15E8}.Release|Any CPU.ActiveCfg = Release|Any CPU
		{CE11F601-99D8-4DA7-9449-BA502E7F15E8}.Release|Any CPU.Build.0 = Release|Any CPU
		{9E322CCD-4303-4728-A08F-149202FE63BD}.Debug|Any CPU.ActiveCfg = Debug|Any CPU
		{9E322CCD-4303-4728-A08F-149202FE63BD}.Debug|Any CPU.Build.0 = Debug|Any CPU
		{9E322CCD-4303-4728-A08F-149202FE63BD}.Release|Any CPU.ActiveCfg = Release|Any CPU
		{9E322CCD-4303-4728-A08F-149202FE63BD}.Release|Any CPU.Build.0 = Release|Any CPU
		{1EF852D7-EF16-44E3-A152-2A9C043E629B}.Debug|Any CPU.ActiveCfg = Debug|Any CPU
		{1EF852D7-EF16-44E3-A152-2A9C043E629B}.Debug|Any CPU.Build.0 = Debug|Any CPU
		{1EF852D7-EF16-44E3-A152-2A9C043E629B}.Release|Any CPU.ActiveCfg = Release|Any CPU
		{1EF852D7-EF16-44E3-A152-2A9C043E629B}.Release|Any CPU.Build.0 = Release|Any CPU
	EndGlobalSection
	GlobalSection(SolutionProperties) = preSolution
		HideSolutionNode = FALSE
	EndGlobalSection
	GlobalSection(NestedProjects) = preSolution
		{6EF1CBBC-EA8A-4B1A-B994-A7A0F7152009} = {B0F19206-A372-4495-A2EE-0703269FFF5F}
		{E6711135-78D9-486F-A65B-C5F1126EFC8A} = {6C9432D5-D6DC-4FD7-B749-C7DCE59B8E9A}
		{873D4D2B-ACA1-456F-923D-41972EB2EDA4} = {6C9432D5-D6DC-4FD7-B749-C7DCE59B8E9A}
		{A44FD326-7254-468B-993E-91A7C5E1D136} = {6C9432D5-D6DC-4FD7-B749-C7DCE59B8E9A}
		{C8B47A78-C7AE-4267-B334-E8EE28E87D3C} = {6C9432D5-D6DC-4FD7-B749-C7DCE59B8E9A}
		{66E62F76-CE78-4F80-AD36-79B6FB743C66} = {6C9432D5-D6DC-4FD7-B749-C7DCE59B8E9A}
		{CE11F601-99D8-4DA7-9449-BA502E7F15E8} = {1AB2C1D1-FD95-4A8F-9000-C1B151BD7846}
		{9E322CCD-4303-4728-A08F-149202FE63BD} = {6C9432D5-D6DC-4FD7-B749-C7DCE59B8E9A}
		{1EF852D7-EF16-44E3-A152-2A9C043E629B} = {6C9432D5-D6DC-4FD7-B749-C7DCE59B8E9A}
	EndGlobalSection
	GlobalSection(ExtensibilityGlobals) = postSolution
		SolutionGuid = {01C971F8-D30F-4253-84A9-8C0D582057DD}
	EndGlobalSection
EndGlobal
