// !$*UTF8*$!
{
	archiveVersion = 1;
	classes = {
	};
	objectVersion = 50;
	objects = {

/* Begin PBXBuildFile section */
		42D0AAD522FC1FFE00A77702 /* OrderSide.swift in Sources */ = {isa = PBXBuildFile; fileRef = 42D0AA8A22FC1FFD00A77702 /* OrderSide.swift */; };
		42D0AAD622FC1FFE00A77702 /* Order.swift in Sources */ = {isa = PBXBuildFile; fileRef = 42D0AA8B22FC1FFD00A77702 /* Order.swift */; };
		42D0AAD722FC1FFE00A77702 /* FinalModelState.swift in Sources */ = {isa = PBXBuildFile; fileRef = 42D0AA8D22FC1FFD00A77702 /* FinalModelState.swift */; };
		42D0AAD822FC1FFE00A77702 /* FieldModelOrder.swift in Sources */ = {isa = PBXBuildFile; fileRef = 42D0AA8E22FC1FFD00A77702 /* FieldModelOrder.swift */; };
		42D0AAD922FC1FFE00A77702 /* BalanceModel.swift in Sources */ = {isa = PBXBuildFile; fileRef = 42D0AA8F22FC1FFD00A77702 /* BalanceModel.swift */; };
		42D0AADA22FC1FFE00A77702 /* FinalModelOrderType.swift in Sources */ = {isa = PBXBuildFile; fileRef = 42D0AA9022FC1FFD00A77702 /* FinalModelOrderType.swift */; };
		42D0AADB22FC1FFE00A77702 /* FinalModelOrder.swift in Sources */ = {isa = PBXBuildFile; fileRef = 42D0AA9122FC1FFD00A77702 /* FinalModelOrder.swift */; };
		42D0AADC22FC1FFE00A77702 /* FieldModelState.swift in Sources */ = {isa = PBXBuildFile; fileRef = 42D0AA9222FC1FFD00A77702 /* FieldModelState.swift */; };
		42D0AADD22FC1FFE00A77702 /* AccountModel.swift in Sources */ = {isa = PBXBuildFile; fileRef = 42D0AA9322FC1FFD00A77702 /* AccountModel.swift */; };
		42D0AADE22FC1FFE00A77702 /* FieldModelBalance.swift in Sources */ = {isa = PBXBuildFile; fileRef = 42D0AA9422FC1FFD00A77702 /* FieldModelBalance.swift */; };
		42D0AADF22FC1FFE00A77702 /* FinalModelAccount.swift in Sources */ = {isa = PBXBuildFile; fileRef = 42D0AA9522FC1FFD00A77702 /* FinalModelAccount.swift */; };
		42D0AAE022FC1FFE00A77702 /* OrderModel.swift in Sources */ = {isa = PBXBuildFile; fileRef = 42D0AA9622FC1FFD00A77702 /* OrderModel.swift */; };
		42D0AAE122FC1FFE00A77702 /* FieldModelOrderType.swift in Sources */ = {isa = PBXBuildFile; fileRef = 42D0AA9722FC1FFD00A77702 /* FieldModelOrderType.swift */; };
		42D0AAE222FC1FFE00A77702 /* OrderFinalModel.swift in Sources */ = {isa = PBXBuildFile; fileRef = 42D0AA9822FC1FFD00A77702 /* OrderFinalModel.swift */; };
		42D0AAE322FC1FFE00A77702 /* FinalModelOptionalBalance.swift in Sources */ = {isa = PBXBuildFile; fileRef = 42D0AA9922FC1FFD00A77702 /* FinalModelOptionalBalance.swift */; };
		42D0AAE422FC1FFE00A77702 /* BalanceFinalModel.swift in Sources */ = {isa = PBXBuildFile; fileRef = 42D0AA9A22FC1FFD00A77702 /* BalanceFinalModel.swift */; };
		42D0AAE522FC1FFE00A77702 /* FieldModelOptionalBalance.swift in Sources */ = {isa = PBXBuildFile; fileRef = 42D0AA9B22FC1FFD00A77702 /* FieldModelOptionalBalance.swift */; };
		42D0AAE622FC1FFE00A77702 /* FinalModelOrderSide.swift in Sources */ = {isa = PBXBuildFile; fileRef = 42D0AA9C22FC1FFD00A77702 /* FinalModelOrderSide.swift */; };
		42D0AAE722FC1FFE00A77702 /* FinalModelBalance.swift in Sources */ = {isa = PBXBuildFile; fileRef = 42D0AA9D22FC1FFD00A77702 /* FinalModelBalance.swift */; };
		42D0AAE822FC1FFE00A77702 /* FieldModelVectorOrder.swift in Sources */ = {isa = PBXBuildFile; fileRef = 42D0AA9E22FC1FFD00A77702 /* FieldModelVectorOrder.swift */; };
		42D0AAE922FC1FFE00A77702 /* AccountFinalModel.swift in Sources */ = {isa = PBXBuildFile; fileRef = 42D0AA9F22FC1FFD00A77702 /* AccountFinalModel.swift */; };
		42D0AAEA22FC1FFE00A77702 /* FieldModelAccount.swift in Sources */ = {isa = PBXBuildFile; fileRef = 42D0AAA022FC1FFD00A77702 /* FieldModelAccount.swift */; };
		42D0AAEB22FC1FFE00A77702 /* FinalModelVectorOrder.swift in Sources */ = {isa = PBXBuildFile; fileRef = 42D0AAA122FC1FFD00A77702 /* FinalModelVectorOrder.swift */; };
		42D0AAEC22FC1FFE00A77702 /* FieldModelOrderSide.swift in Sources */ = {isa = PBXBuildFile; fileRef = 42D0AAA222FC1FFD00A77702 /* FieldModelOrderSide.swift */; };
		42D0AAED22FC1FFE00A77702 /* State.swift in Sources */ = {isa = PBXBuildFile; fileRef = 42D0AAA322FC1FFD00A77702 /* State.swift */; };
		42D0AAEE22FC1FFE00A77702 /* Balance.swift in Sources */ = {isa = PBXBuildFile; fileRef = 42D0AAA422FC1FFD00A77702 /* Balance.swift */; };
		42D0AAEF22FC1FFE00A77702 /* StateEnum.swift in Sources */ = {isa = PBXBuildFile; fileRef = 42D0AAA522FC1FFD00A77702 /* StateEnum.swift */; };
		42D0AAF022FC1FFE00A77702 /* OrderType.swift in Sources */ = {isa = PBXBuildFile; fileRef = 42D0AAA622FC1FFD00A77702 /* OrderType.swift */; };
		42D0AAF122FC1FFE00A77702 /* OrderTypeEnum.swift in Sources */ = {isa = PBXBuildFile; fileRef = 42D0AAA722FC1FFD00A77702 /* OrderTypeEnum.swift */; };
		42D0AAF222FC1FFE00A77702 /* Account.swift in Sources */ = {isa = PBXBuildFile; fileRef = 42D0AAA822FC1FFD00A77702 /* Account.swift */; };
		42D0AAF322FC1FFE00A77702 /* OrderSideEnum.swift in Sources */ = {isa = PBXBuildFile; fileRef = 42D0AAA922FC1FFD00A77702 /* OrderSideEnum.swift */; };
		42D0AAF422FC1FFE00A77702 /* FieldModelInt16.swift in Sources */ = {isa = PBXBuildFile; fileRef = 42D0AAAB22FC1FFE00A77702 /* FieldModelInt16.swift */; };
		42D0AAF622FC1FFE00A77702 /* FieldModelInt32.swift in Sources */ = {isa = PBXBuildFile; fileRef = 42D0AAAD22FC1FFE00A77702 /* FieldModelInt32.swift */; };
		42D0AAF722FC1FFE00A77702 /* Buffer.swift in Sources */ = {isa = PBXBuildFile; fileRef = 42D0AAAE22FC1FFE00A77702 /* Buffer.swift */; };
		42D0AAF822FC1FFE00A77702 /* FieldModelUInt64.swift in Sources */ = {isa = PBXBuildFile; fileRef = 42D0AAAF22FC1FFE00A77702 /* FieldModelUInt64.swift */; };
		42D0AAF922FC1FFE00A77702 /* FinalModelUInt8.swift in Sources */ = {isa = PBXBuildFile; fileRef = 42D0AAB022FC1FFE00A77702 /* FinalModelUInt8.swift */; };
		42D0AAFA22FC1FFE00A77702 /* FinalModelByte.swift in Sources */ = {isa = PBXBuildFile; fileRef = 42D0AAB122FC1FFE00A77702 /* FinalModelByte.swift */; };
		42D0AAFB22FC1FFE00A77702 /* FinalModelInt16.swift in Sources */ = {isa = PBXBuildFile; fileRef = 42D0AAB222FC1FFE00A77702 /* FinalModelInt16.swift */; };
		42D0AAFC22FC1FFE00A77702 /* FieldModel.swift in Sources */ = {isa = PBXBuildFile; fileRef = 42D0AAB322FC1FFE00A77702 /* FieldModel.swift */; };
		42D0AAFD22FC1FFE00A77702 /* Model.swift in Sources */ = {isa = PBXBuildFile; fileRef = 42D0AAB422FC1FFE00A77702 /* Model.swift */; };
		42D0AAFE22FC1FFE00A77702 /* FieldModelString.swift in Sources */ = {isa = PBXBuildFile; fileRef = 42D0AAB522FC1FFE00A77702 /* FieldModelString.swift */; };
		42D0AAFF22FC1FFE00A77702 /* FinalModelInt32.swift in Sources */ = {isa = PBXBuildFile; fileRef = 42D0AAB622FC1FFE00A77702 /* FinalModelInt32.swift */; };
		42D0AB0022FC1FFE00A77702 /* FinalModelDouble.swift in Sources */ = {isa = PBXBuildFile; fileRef = 42D0AAB722FC1FFE00A77702 /* FinalModelDouble.swift */; };
		42D0AB0122FC1FFE00A77702 /* FieldModelUInt8.swift in Sources */ = {isa = PBXBuildFile; fileRef = 42D0AAB822FC1FFE00A77702 /* FieldModelUInt8.swift */; };
		42D0AB0222FC1FFE00A77702 /* FieldModelDouble.swift in Sources */ = {isa = PBXBuildFile; fileRef = 42D0AAB922FC1FFE00A77702 /* FieldModelDouble.swift */; };
		42D0AB0322FC1FFE00A77702 /* FinalModelBoolean.swift in Sources */ = {isa = PBXBuildFile; fileRef = 42D0AABA22FC1FFE00A77702 /* FinalModelBoolean.swift */; };
		42D0AB0422FC1FFE00A77702 /* FinalModelString.swift in Sources */ = {isa = PBXBuildFile; fileRef = 42D0AABB22FC1FFE00A77702 /* FinalModelString.swift */; };
		42D0AB0522FC1FFE00A77702 /* FinalModelWChar.swift in Sources */ = {isa = PBXBuildFile; fileRef = 42D0AABC22FC1FFE00A77702 /* FinalModelWChar.swift */; };
		42D0AB0622FC1FFE00A77702 /* FinalModelUInt64.swift in Sources */ = {isa = PBXBuildFile; fileRef = 42D0AABD22FC1FFE00A77702 /* FinalModelUInt64.swift */; };
		42D0AB0722FC1FFE00A77702 /* FieldModelDate.swift in Sources */ = {isa = PBXBuildFile; fileRef = 42D0AABE22FC1FFE00A77702 /* FieldModelDate.swift */; };
		42D0AB0822FC1FFE00A77702 /* FinalModelInt8.swift in Sources */ = {isa = PBXBuildFile; fileRef = 42D0AABF22FC1FFE00A77702 /* FinalModelInt8.swift */; };
		42D0AB0922FC1FFE00A77702 /* FieldModelChar.swift in Sources */ = {isa = PBXBuildFile; fileRef = 42D0AAC022FC1FFE00A77702 /* FieldModelChar.swift */; };
		42D0AB0A22FC1FFE00A77702 /* FieldModelWChar.swift in Sources */ = {isa = PBXBuildFile; fileRef = 42D0AAC122FC1FFE00A77702 /* FieldModelWChar.swift */; };
		42D0AB0B22FC1FFE00A77702 /* Size.swift in Sources */ = {isa = PBXBuildFile; fileRef = 42D0AAC222FC1FFE00A77702 /* Size.swift */; };
		42D0AB0C22FC1FFE00A77702 /* FinalModelFloat.swift in Sources */ = {isa = PBXBuildFile; fileRef = 42D0AAC322FC1FFE00A77702 /* FinalModelFloat.swift */; };
		42D0AB0D22FC1FFE00A77702 /* FinalModelBytes.swift in Sources */ = {isa = PBXBuildFile; fileRef = 42D0AAC422FC1FFE00A77702 /* FinalModelBytes.swift */; };
		42D0AB0E22FC1FFE00A77702 /* FinalModelTimestamp.kt in Resources */ = {isa = PBXBuildFile; fileRef = 42D0AAC522FC1FFE00A77702 /* FinalModelTimestamp.kt */; };
		42D0AB0F22FC1FFE00A77702 /* FinalModelDate.swift in Sources */ = {isa = PBXBuildFile; fileRef = 42D0AAC622FC1FFE00A77702 /* FinalModelDate.swift */; };
		42D0AB1022FC1FFE00A77702 /* FieldModelFloat.swift in Sources */ = {isa = PBXBuildFile; fileRef = 42D0AAC722FC1FFE00A77702 /* FieldModelFloat.swift */; };
		42D0AB1122FC1FFE00A77702 /* FinalModelUInt32.swift in Sources */ = {isa = PBXBuildFile; fileRef = 42D0AAC822FC1FFE00A77702 /* FinalModelUInt32.swift */; };
		42D0AB1222FC1FFE00A77702 /* FieldModelBytes.swift in Sources */ = {isa = PBXBuildFile; fileRef = 42D0AAC922FC1FFE00A77702 /* FieldModelBytes.swift */; };
		42D0AB1322FC1FFE00A77702 /* FieldModelInt8.swift in Sources */ = {isa = PBXBuildFile; fileRef = 42D0AACA22FC1FFE00A77702 /* FieldModelInt8.swift */; };
		42D0AB1422FC1FFE00A77702 /* FinalModelUInt16.swift in Sources */ = {isa = PBXBuildFile; fileRef = 42D0AACB22FC1FFE00A77702 /* FinalModelUInt16.swift */; };
		42D0AB1522FC1FFE00A77702 /* FinalModelChar.swift in Sources */ = {isa = PBXBuildFile; fileRef = 42D0AACC22FC1FFE00A77702 /* FinalModelChar.swift */; };
		42D0AB1622FC1FFE00A77702 /* FieldModelUInt32.swift in Sources */ = {isa = PBXBuildFile; fileRef = 42D0AACD22FC1FFE00A77702 /* FieldModelUInt32.swift */; };
		42D0AB1722FC1FFE00A77702 /* FieldModelUInt16.swift in Sources */ = {isa = PBXBuildFile; fileRef = 42D0AACE22FC1FFE00A77702 /* FieldModelUInt16.swift */; };
		42D0AB1822FC1FFE00A77702 /* FinalModel.swift in Sources */ = {isa = PBXBuildFile; fileRef = 42D0AACF22FC1FFE00A77702 /* FinalModel.swift */; };
		42D0AB1922FC1FFE00A77702 /* FieldModelByte.swift in Sources */ = {isa = PBXBuildFile; fileRef = 42D0AAD022FC1FFE00A77702 /* FieldModelByte.swift */; };
		42D0AB1A22FC1FFE00A77702 /* FinalModelDecimal.swift in Sources */ = {isa = PBXBuildFile; fileRef = 42D0AAD122FC1FFE00A77702 /* FinalModelDecimal.swift */; };
		42D0AB1B22FC1FFE00A77702 /* FieldModelBoolean.swift in Sources */ = {isa = PBXBuildFile; fileRef = 42D0AAD222FC1FFE00A77702 /* FieldModelBoolean.swift */; };
		42D0AB1C22FC1FFE00A77702 /* FieldModelInt64.swift in Sources */ = {isa = PBXBuildFile; fileRef = 42D0AAD322FC1FFE00A77702 /* FieldModelInt64.swift */; };
		42D0AB1D22FC1FFE00A77702 /* FinalModelInt64.swift in Sources */ = {isa = PBXBuildFile; fileRef = 42D0AAD422FC1FFE00A77702 /* FinalModelInt64.swift */; };
		42D0AB1F22FC5F6700A77702 /* Serialization.swift in Sources */ = {isa = PBXBuildFile; fileRef = 42D0AB1E22FC5F6700A77702 /* Serialization.swift */; };
		5521615522F812E8009773A3 /* AppDelegate.swift in Sources */ = {isa = PBXBuildFile; fileRef = 5521615422F812E8009773A3 /* AppDelegate.swift */; };
		5521615722F812E8009773A3 /* ViewController.swift in Sources */ = {isa = PBXBuildFile; fileRef = 5521615622F812E8009773A3 /* ViewController.swift */; };
		5521615A22F812E8009773A3 /* Main.storyboard in Resources */ = {isa = PBXBuildFile; fileRef = 5521615822F812E8009773A3 /* Main.storyboard */; };
		5521615C22F812E9009773A3 /* Assets.xcassets in Resources */ = {isa = PBXBuildFile; fileRef = 5521615B22F812E9009773A3 /* Assets.xcassets */; };
		5521615F22F812E9009773A3 /* LaunchScreen.storyboard in Resources */ = {isa = PBXBuildFile; fileRef = 5521615D22F812E9009773A3 /* LaunchScreen.storyboard */; };
		5521616A22F812E9009773A3 /* SendReceiveTests.swift in Sources */ = {isa = PBXBuildFile; fileRef = 5521616922F812E9009773A3 /* SendReceiveTests.swift */; };
		552162B022F848A9009773A3 /* SendReceiveFinalTest.swift in Sources */ = {isa = PBXBuildFile; fileRef = 552162AF22F848A9009773A3 /* SendReceiveFinalTest.swift */; };
		552162C122F95AA0009773A3 /* EnumsTest.swift in Sources */ = {isa = PBXBuildFile; fileRef = 552162C022F95AA0009773A3 /* EnumsTest.swift */; };
/* End PBXBuildFile section */

/* Begin PBXContainerItemProxy section */
		5521616622F812E9009773A3 /* PBXContainerItemProxy */ = {
			isa = PBXContainerItemProxy;
			containerPortal = 5521614922F812E8009773A3 /* Project object */;
			proxyType = 1;
			remoteGlobalIDString = 5521615022F812E8009773A3;
			remoteInfo = FastBinaryEncoding;
		};
/* End PBXContainerItemProxy section */

/* Begin PBXFileReference section */
		42D0AA8A22FC1FFD00A77702 /* OrderSide.swift */ = {isa = PBXFileReference; fileEncoding = 4; lastKnownFileType = sourcecode.swift; path = OrderSide.swift; sourceTree = "<group>"; };
		42D0AA8B22FC1FFD00A77702 /* Order.swift */ = {isa = PBXFileReference; fileEncoding = 4; lastKnownFileType = sourcecode.swift; path = Order.swift; sourceTree = "<group>"; };
		42D0AA8D22FC1FFD00A77702 /* FinalModelState.swift */ = {isa = PBXFileReference; fileEncoding = 4; lastKnownFileType = sourcecode.swift; path = FinalModelState.swift; sourceTree = "<group>"; };
		42D0AA8E22FC1FFD00A77702 /* FieldModelOrder.swift */ = {isa = PBXFileReference; fileEncoding = 4; lastKnownFileType = sourcecode.swift; path = FieldModelOrder.swift; sourceTree = "<group>"; };
		42D0AA8F22FC1FFD00A77702 /* BalanceModel.swift */ = {isa = PBXFileReference; fileEncoding = 4; lastKnownFileType = sourcecode.swift; path = BalanceModel.swift; sourceTree = "<group>"; };
		42D0AA9022FC1FFD00A77702 /* FinalModelOrderType.swift */ = {isa = PBXFileReference; fileEncoding = 4; lastKnownFileType = sourcecode.swift; path = FinalModelOrderType.swift; sourceTree = "<group>"; };
		42D0AA9122FC1FFD00A77702 /* FinalModelOrder.swift */ = {isa = PBXFileReference; fileEncoding = 4; lastKnownFileType = sourcecode.swift; path = FinalModelOrder.swift; sourceTree = "<group>"; };
		42D0AA9222FC1FFD00A77702 /* FieldModelState.swift */ = {isa = PBXFileReference; fileEncoding = 4; lastKnownFileType = sourcecode.swift; path = FieldModelState.swift; sourceTree = "<group>"; };
		42D0AA9322FC1FFD00A77702 /* AccountModel.swift */ = {isa = PBXFileReference; fileEncoding = 4; lastKnownFileType = sourcecode.swift; path = AccountModel.swift; sourceTree = "<group>"; };
		42D0AA9422FC1FFD00A77702 /* FieldModelBalance.swift */ = {isa = PBXFileReference; fileEncoding = 4; lastKnownFileType = sourcecode.swift; path = FieldModelBalance.swift; sourceTree = "<group>"; };
		42D0AA9522FC1FFD00A77702 /* FinalModelAccount.swift */ = {isa = PBXFileReference; fileEncoding = 4; lastKnownFileType = sourcecode.swift; path = FinalModelAccount.swift; sourceTree = "<group>"; };
		42D0AA9622FC1FFD00A77702 /* OrderModel.swift */ = {isa = PBXFileReference; fileEncoding = 4; lastKnownFileType = sourcecode.swift; path = OrderModel.swift; sourceTree = "<group>"; };
		42D0AA9722FC1FFD00A77702 /* FieldModelOrderType.swift */ = {isa = PBXFileReference; fileEncoding = 4; lastKnownFileType = sourcecode.swift; path = FieldModelOrderType.swift; sourceTree = "<group>"; };
		42D0AA9822FC1FFD00A77702 /* OrderFinalModel.swift */ = {isa = PBXFileReference; fileEncoding = 4; lastKnownFileType = sourcecode.swift; path = OrderFinalModel.swift; sourceTree = "<group>"; };
		42D0AA9922FC1FFD00A77702 /* FinalModelOptionalBalance.swift */ = {isa = PBXFileReference; fileEncoding = 4; lastKnownFileType = sourcecode.swift; path = FinalModelOptionalBalance.swift; sourceTree = "<group>"; };
		42D0AA9A22FC1FFD00A77702 /* BalanceFinalModel.swift */ = {isa = PBXFileReference; fileEncoding = 4; lastKnownFileType = sourcecode.swift; path = BalanceFinalModel.swift; sourceTree = "<group>"; };
		42D0AA9B22FC1FFD00A77702 /* FieldModelOptionalBalance.swift */ = {isa = PBXFileReference; fileEncoding = 4; lastKnownFileType = sourcecode.swift; path = FieldModelOptionalBalance.swift; sourceTree = "<group>"; };
		42D0AA9C22FC1FFD00A77702 /* FinalModelOrderSide.swift */ = {isa = PBXFileReference; fileEncoding = 4; lastKnownFileType = sourcecode.swift; path = FinalModelOrderSide.swift; sourceTree = "<group>"; };
		42D0AA9D22FC1FFD00A77702 /* FinalModelBalance.swift */ = {isa = PBXFileReference; fileEncoding = 4; lastKnownFileType = sourcecode.swift; path = FinalModelBalance.swift; sourceTree = "<group>"; };
		42D0AA9E22FC1FFD00A77702 /* FieldModelVectorOrder.swift */ = {isa = PBXFileReference; fileEncoding = 4; lastKnownFileType = sourcecode.swift; path = FieldModelVectorOrder.swift; sourceTree = "<group>"; };
		42D0AA9F22FC1FFD00A77702 /* AccountFinalModel.swift */ = {isa = PBXFileReference; fileEncoding = 4; lastKnownFileType = sourcecode.swift; path = AccountFinalModel.swift; sourceTree = "<group>"; };
		42D0AAA022FC1FFD00A77702 /* FieldModelAccount.swift */ = {isa = PBXFileReference; fileEncoding = 4; lastKnownFileType = sourcecode.swift; path = FieldModelAccount.swift; sourceTree = "<group>"; };
		42D0AAA122FC1FFD00A77702 /* FinalModelVectorOrder.swift */ = {isa = PBXFileReference; fileEncoding = 4; lastKnownFileType = sourcecode.swift; path = FinalModelVectorOrder.swift; sourceTree = "<group>"; };
		42D0AAA222FC1FFD00A77702 /* FieldModelOrderSide.swift */ = {isa = PBXFileReference; fileEncoding = 4; lastKnownFileType = sourcecode.swift; path = FieldModelOrderSide.swift; sourceTree = "<group>"; };
		42D0AAA322FC1FFD00A77702 /* State.swift */ = {isa = PBXFileReference; fileEncoding = 4; lastKnownFileType = sourcecode.swift; path = State.swift; sourceTree = "<group>"; };
		42D0AAA422FC1FFD00A77702 /* Balance.swift */ = {isa = PBXFileReference; fileEncoding = 4; lastKnownFileType = sourcecode.swift; path = Balance.swift; sourceTree = "<group>"; };
		42D0AAA522FC1FFD00A77702 /* StateEnum.swift */ = {isa = PBXFileReference; fileEncoding = 4; lastKnownFileType = sourcecode.swift; path = StateEnum.swift; sourceTree = "<group>"; };
		42D0AAA622FC1FFD00A77702 /* OrderType.swift */ = {isa = PBXFileReference; fileEncoding = 4; lastKnownFileType = sourcecode.swift; path = OrderType.swift; sourceTree = "<group>"; };
		42D0AAA722FC1FFD00A77702 /* OrderTypeEnum.swift */ = {isa = PBXFileReference; fileEncoding = 4; lastKnownFileType = sourcecode.swift; path = OrderTypeEnum.swift; sourceTree = "<group>"; };
		42D0AAA822FC1FFD00A77702 /* Account.swift */ = {isa = PBXFileReference; fileEncoding = 4; lastKnownFileType = sourcecode.swift; path = Account.swift; sourceTree = "<group>"; };
		42D0AAA922FC1FFD00A77702 /* OrderSideEnum.swift */ = {isa = PBXFileReference; fileEncoding = 4; lastKnownFileType = sourcecode.swift; path = OrderSideEnum.swift; sourceTree = "<group>"; };
		42D0AAAB22FC1FFE00A77702 /* FieldModelInt16.swift */ = {isa = PBXFileReference; fileEncoding = 4; lastKnownFileType = sourcecode.swift; path = FieldModelInt16.swift; sourceTree = "<group>"; };
		42D0AAAD22FC1FFE00A77702 /* FieldModelInt32.swift */ = {isa = PBXFileReference; fileEncoding = 4; lastKnownFileType = sourcecode.swift; path = FieldModelInt32.swift; sourceTree = "<group>"; };
		42D0AAAE22FC1FFE00A77702 /* Buffer.swift */ = {isa = PBXFileReference; fileEncoding = 4; lastKnownFileType = sourcecode.swift; path = Buffer.swift; sourceTree = "<group>"; };
		42D0AAAF22FC1FFE00A77702 /* FieldModelUInt64.swift */ = {isa = PBXFileReference; fileEncoding = 4; lastKnownFileType = sourcecode.swift; path = FieldModelUInt64.swift; sourceTree = "<group>"; };
		42D0AAB022FC1FFE00A77702 /* FinalModelUInt8.swift */ = {isa = PBXFileReference; fileEncoding = 4; lastKnownFileType = sourcecode.swift; path = FinalModelUInt8.swift; sourceTree = "<group>"; };
		42D0AAB122FC1FFE00A77702 /* FinalModelByte.swift */ = {isa = PBXFileReference; fileEncoding = 4; lastKnownFileType = sourcecode.swift; path = FinalModelByte.swift; sourceTree = "<group>"; };
		42D0AAB222FC1FFE00A77702 /* FinalModelInt16.swift */ = {isa = PBXFileReference; fileEncoding = 4; lastKnownFileType = sourcecode.swift; path = FinalModelInt16.swift; sourceTree = "<group>"; };
		42D0AAB322FC1FFE00A77702 /* FieldModel.swift */ = {isa = PBXFileReference; fileEncoding = 4; lastKnownFileType = sourcecode.swift; path = FieldModel.swift; sourceTree = "<group>"; };
		42D0AAB422FC1FFE00A77702 /* Model.swift */ = {isa = PBXFileReference; fileEncoding = 4; lastKnownFileType = sourcecode.swift; path = Model.swift; sourceTree = "<group>"; };
		42D0AAB522FC1FFE00A77702 /* FieldModelString.swift */ = {isa = PBXFileReference; fileEncoding = 4; lastKnownFileType = sourcecode.swift; path = FieldModelString.swift; sourceTree = "<group>"; };
		42D0AAB622FC1FFE00A77702 /* FinalModelInt32.swift */ = {isa = PBXFileReference; fileEncoding = 4; lastKnownFileType = sourcecode.swift; path = FinalModelInt32.swift; sourceTree = "<group>"; };
		42D0AAB722FC1FFE00A77702 /* FinalModelDouble.swift */ = {isa = PBXFileReference; fileEncoding = 4; lastKnownFileType = sourcecode.swift; path = FinalModelDouble.swift; sourceTree = "<group>"; };
		42D0AAB822FC1FFE00A77702 /* FieldModelUInt8.swift */ = {isa = PBXFileReference; fileEncoding = 4; lastKnownFileType = sourcecode.swift; path = FieldModelUInt8.swift; sourceTree = "<group>"; };
		42D0AAB922FC1FFE00A77702 /* FieldModelDouble.swift */ = {isa = PBXFileReference; fileEncoding = 4; lastKnownFileType = sourcecode.swift; path = FieldModelDouble.swift; sourceTree = "<group>"; };
		42D0AABA22FC1FFE00A77702 /* FinalModelBoolean.swift */ = {isa = PBXFileReference; fileEncoding = 4; lastKnownFileType = sourcecode.swift; path = FinalModelBoolean.swift; sourceTree = "<group>"; };
		42D0AABB22FC1FFE00A77702 /* FinalModelString.swift */ = {isa = PBXFileReference; fileEncoding = 4; lastKnownFileType = sourcecode.swift; path = FinalModelString.swift; sourceTree = "<group>"; };
		42D0AABC22FC1FFE00A77702 /* FinalModelWChar.swift */ = {isa = PBXFileReference; fileEncoding = 4; lastKnownFileType = sourcecode.swift; path = FinalModelWChar.swift; sourceTree = "<group>"; };
		42D0AABD22FC1FFE00A77702 /* FinalModelUInt64.swift */ = {isa = PBXFileReference; fileEncoding = 4; lastKnownFileType = sourcecode.swift; path = FinalModelUInt64.swift; sourceTree = "<group>"; };
		42D0AABE22FC1FFE00A77702 /* FieldModelDate.swift */ = {isa = PBXFileReference; fileEncoding = 4; lastKnownFileType = sourcecode.swift; path = FieldModelDate.swift; sourceTree = "<group>"; };
		42D0AABF22FC1FFE00A77702 /* FinalModelInt8.swift */ = {isa = PBXFileReference; fileEncoding = 4; lastKnownFileType = sourcecode.swift; path = FinalModelInt8.swift; sourceTree = "<group>"; };
		42D0AAC022FC1FFE00A77702 /* FieldModelChar.swift */ = {isa = PBXFileReference; fileEncoding = 4; lastKnownFileType = sourcecode.swift; path = FieldModelChar.swift; sourceTree = "<group>"; };
		42D0AAC122FC1FFE00A77702 /* FieldModelWChar.swift */ = {isa = PBXFileReference; fileEncoding = 4; lastKnownFileType = sourcecode.swift; path = FieldModelWChar.swift; sourceTree = "<group>"; };
		42D0AAC222FC1FFE00A77702 /* Size.swift */ = {isa = PBXFileReference; fileEncoding = 4; lastKnownFileType = sourcecode.swift; path = Size.swift; sourceTree = "<group>"; };
		42D0AAC322FC1FFE00A77702 /* FinalModelFloat.swift */ = {isa = PBXFileReference; fileEncoding = 4; lastKnownFileType = sourcecode.swift; path = FinalModelFloat.swift; sourceTree = "<group>"; };
		42D0AAC422FC1FFE00A77702 /* FinalModelBytes.swift */ = {isa = PBXFileReference; fileEncoding = 4; lastKnownFileType = sourcecode.swift; path = FinalModelBytes.swift; sourceTree = "<group>"; };
		42D0AAC522FC1FFE00A77702 /* FinalModelTimestamp.kt */ = {isa = PBXFileReference; fileEncoding = 4; lastKnownFileType = text; path = FinalModelTimestamp.kt; sourceTree = "<group>"; };
		42D0AAC622FC1FFE00A77702 /* FinalModelDate.swift */ = {isa = PBXFileReference; fileEncoding = 4; lastKnownFileType = sourcecode.swift; path = FinalModelDate.swift; sourceTree = "<group>"; };
		42D0AAC722FC1FFE00A77702 /* FieldModelFloat.swift */ = {isa = PBXFileReference; fileEncoding = 4; lastKnownFileType = sourcecode.swift; path = FieldModelFloat.swift; sourceTree = "<group>"; };
		42D0AAC822FC1FFE00A77702 /* FinalModelUInt32.swift */ = {isa = PBXFileReference; fileEncoding = 4; lastKnownFileType = sourcecode.swift; path = FinalModelUInt32.swift; sourceTree = "<group>"; };
		42D0AAC922FC1FFE00A77702 /* FieldModelBytes.swift */ = {isa = PBXFileReference; fileEncoding = 4; lastKnownFileType = sourcecode.swift; path = FieldModelBytes.swift; sourceTree = "<group>"; };
		42D0AACA22FC1FFE00A77702 /* FieldModelInt8.swift */ = {isa = PBXFileReference; fileEncoding = 4; lastKnownFileType = sourcecode.swift; path = FieldModelInt8.swift; sourceTree = "<group>"; };
		42D0AACB22FC1FFE00A77702 /* FinalModelUInt16.swift */ = {isa = PBXFileReference; fileEncoding = 4; lastKnownFileType = sourcecode.swift; path = FinalModelUInt16.swift; sourceTree = "<group>"; };
		42D0AACC22FC1FFE00A77702 /* FinalModelChar.swift */ = {isa = PBXFileReference; fileEncoding = 4; lastKnownFileType = sourcecode.swift; path = FinalModelChar.swift; sourceTree = "<group>"; };
		42D0AACD22FC1FFE00A77702 /* FieldModelUInt32.swift */ = {isa = PBXFileReference; fileEncoding = 4; lastKnownFileType = sourcecode.swift; path = FieldModelUInt32.swift; sourceTree = "<group>"; };
		42D0AACE22FC1FFE00A77702 /* FieldModelUInt16.swift */ = {isa = PBXFileReference; fileEncoding = 4; lastKnownFileType = sourcecode.swift; path = FieldModelUInt16.swift; sourceTree = "<group>"; };
		42D0AACF22FC1FFE00A77702 /* FinalModel.swift */ = {isa = PBXFileReference; fileEncoding = 4; lastKnownFileType = sourcecode.swift; path = FinalModel.swift; sourceTree = "<group>"; };
		42D0AAD022FC1FFE00A77702 /* FieldModelByte.swift */ = {isa = PBXFileReference; fileEncoding = 4; lastKnownFileType = sourcecode.swift; path = FieldModelByte.swift; sourceTree = "<group>"; };
		42D0AAD122FC1FFE00A77702 /* FinalModelDecimal.swift */ = {isa = PBXFileReference; fileEncoding = 4; lastKnownFileType = sourcecode.swift; path = FinalModelDecimal.swift; sourceTree = "<group>"; };
		42D0AAD222FC1FFE00A77702 /* FieldModelBoolean.swift */ = {isa = PBXFileReference; fileEncoding = 4; lastKnownFileType = sourcecode.swift; path = FieldModelBoolean.swift; sourceTree = "<group>"; };
		42D0AAD322FC1FFE00A77702 /* FieldModelInt64.swift */ = {isa = PBXFileReference; fileEncoding = 4; lastKnownFileType = sourcecode.swift; path = FieldModelInt64.swift; sourceTree = "<group>"; };
		42D0AAD422FC1FFE00A77702 /* FinalModelInt64.swift */ = {isa = PBXFileReference; fileEncoding = 4; lastKnownFileType = sourcecode.swift; path = FinalModelInt64.swift; sourceTree = "<group>"; };
		42D0AB1E22FC5F6700A77702 /* Serialization.swift */ = {isa = PBXFileReference; lastKnownFileType = sourcecode.swift; path = Serialization.swift; sourceTree = "<group>"; };
		5521615122F812E8009773A3 /* FastBinaryEncoding.app */ = {isa = PBXFileReference; explicitFileType = wrapper.application; includeInIndex = 0; path = FastBinaryEncoding.app; sourceTree = BUILT_PRODUCTS_DIR; };
		5521615422F812E8009773A3 /* AppDelegate.swift */ = {isa = PBXFileReference; lastKnownFileType = sourcecode.swift; path = AppDelegate.swift; sourceTree = "<group>"; };
		5521615622F812E8009773A3 /* ViewController.swift */ = {isa = PBXFileReference; lastKnownFileType = sourcecode.swift; path = ViewController.swift; sourceTree = "<group>"; };
		5521615922F812E8009773A3 /* Base */ = {isa = PBXFileReference; lastKnownFileType = file.storyboard; name = Base; path = Base.lproj/Main.storyboard; sourceTree = "<group>"; };
		5521615B22F812E9009773A3 /* Assets.xcassets */ = {isa = PBXFileReference; lastKnownFileType = folder.assetcatalog; path = Assets.xcassets; sourceTree = "<group>"; };
		5521615E22F812E9009773A3 /* Base */ = {isa = PBXFileReference; lastKnownFileType = file.storyboard; name = Base; path = Base.lproj/LaunchScreen.storyboard; sourceTree = "<group>"; };
		5521616022F812E9009773A3 /* Info.plist */ = {isa = PBXFileReference; lastKnownFileType = text.plist.xml; path = Info.plist; sourceTree = "<group>"; };
		5521616522F812E9009773A3 /* FastBinaryEncodingTests.xctest */ = {isa = PBXFileReference; explicitFileType = wrapper.cfbundle; includeInIndex = 0; path = FastBinaryEncodingTests.xctest; sourceTree = BUILT_PRODUCTS_DIR; };
		5521616922F812E9009773A3 /* SendReceiveTests.swift */ = {isa = PBXFileReference; lastKnownFileType = sourcecode.swift; path = SendReceiveTests.swift; sourceTree = "<group>"; };
		5521616B22F812E9009773A3 /* Info.plist */ = {isa = PBXFileReference; lastKnownFileType = text.plist.xml; path = Info.plist; sourceTree = "<group>"; };
		552162AF22F848A9009773A3 /* SendReceiveFinalTest.swift */ = {isa = PBXFileReference; lastKnownFileType = sourcecode.swift; path = SendReceiveFinalTest.swift; sourceTree = "<group>"; };
		552162C022F95AA0009773A3 /* EnumsTest.swift */ = {isa = PBXFileReference; lastKnownFileType = sourcecode.swift; path = EnumsTest.swift; sourceTree = "<group>"; };
/* End PBXFileReference section */

/* Begin PBXFrameworksBuildPhase section */
		5521614E22F812E8009773A3 /* Frameworks */ = {
			isa = PBXFrameworksBuildPhase;
			buildActionMask = 2147483647;
			files = (
			);
			runOnlyForDeploymentPostprocessing = 0;
		};
		5521616222F812E9009773A3 /* Frameworks */ = {
			isa = PBXFrameworksBuildPhase;
			buildActionMask = 2147483647;
			files = (
			);
			runOnlyForDeploymentPostprocessing = 0;
		};
/* End PBXFrameworksBuildPhase section */

/* Begin PBXGroup section */
		42D0AA8822FC1FFD00A77702 /* chronoxor */ = {
			isa = PBXGroup;
			children = (
				42D0AA8922FC1FFD00A77702 /* proto */,
				42D0AAAA22FC1FFE00A77702 /* fbe */,
			);
			name = chronoxor;
			path = ../../../../bin/com/chronoxor;
			sourceTree = "<group>";
		};
		42D0AA8922FC1FFD00A77702 /* proto */ = {
			isa = PBXGroup;
			children = (
				42D0AA8A22FC1FFD00A77702 /* OrderSide.swift */,
				42D0AA8B22FC1FFD00A77702 /* Order.swift */,
				42D0AA8C22FC1FFD00A77702 /* fbe */,
				42D0AAA322FC1FFD00A77702 /* State.swift */,
				42D0AAA422FC1FFD00A77702 /* Balance.swift */,
				42D0AAA522FC1FFD00A77702 /* StateEnum.swift */,
				42D0AAA622FC1FFD00A77702 /* OrderType.swift */,
				42D0AAA722FC1FFD00A77702 /* OrderTypeEnum.swift */,
				42D0AAA822FC1FFD00A77702 /* Account.swift */,
				42D0AAA922FC1FFD00A77702 /* OrderSideEnum.swift */,
			);
			path = proto;
			sourceTree = "<group>";
		};
		42D0AA8C22FC1FFD00A77702 /* fbe */ = {
			isa = PBXGroup;
			children = (
				42D0AA8D22FC1FFD00A77702 /* FinalModelState.swift */,
				42D0AA8E22FC1FFD00A77702 /* FieldModelOrder.swift */,
				42D0AA8F22FC1FFD00A77702 /* BalanceModel.swift */,
				42D0AA9022FC1FFD00A77702 /* FinalModelOrderType.swift */,
				42D0AA9122FC1FFD00A77702 /* FinalModelOrder.swift */,
				42D0AA9222FC1FFD00A77702 /* FieldModelState.swift */,
				42D0AA9322FC1FFD00A77702 /* AccountModel.swift */,
				42D0AA9422FC1FFD00A77702 /* FieldModelBalance.swift */,
				42D0AA9522FC1FFD00A77702 /* FinalModelAccount.swift */,
				42D0AA9622FC1FFD00A77702 /* OrderModel.swift */,
				42D0AA9722FC1FFD00A77702 /* FieldModelOrderType.swift */,
				42D0AA9822FC1FFD00A77702 /* OrderFinalModel.swift */,
				42D0AA9922FC1FFD00A77702 /* FinalModelOptionalBalance.swift */,
				42D0AA9A22FC1FFD00A77702 /* BalanceFinalModel.swift */,
				42D0AA9B22FC1FFD00A77702 /* FieldModelOptionalBalance.swift */,
				42D0AA9C22FC1FFD00A77702 /* FinalModelOrderSide.swift */,
				42D0AA9D22FC1FFD00A77702 /* FinalModelBalance.swift */,
				42D0AA9E22FC1FFD00A77702 /* FieldModelVectorOrder.swift */,
				42D0AA9F22FC1FFD00A77702 /* AccountFinalModel.swift */,
				42D0AAA022FC1FFD00A77702 /* FieldModelAccount.swift */,
				42D0AAA122FC1FFD00A77702 /* FinalModelVectorOrder.swift */,
				42D0AAA222FC1FFD00A77702 /* FieldModelOrderSide.swift */,
			);
			path = fbe;
			sourceTree = "<group>";
		};
		42D0AAAA22FC1FFE00A77702 /* fbe */ = {
			isa = PBXGroup;
			children = (
				42D0AAAB22FC1FFE00A77702 /* FieldModelInt16.swift */,
				42D0AAAD22FC1FFE00A77702 /* FieldModelInt32.swift */,
				42D0AAAE22FC1FFE00A77702 /* Buffer.swift */,
				42D0AAAF22FC1FFE00A77702 /* FieldModelUInt64.swift */,
				42D0AAB022FC1FFE00A77702 /* FinalModelUInt8.swift */,
				42D0AAB122FC1FFE00A77702 /* FinalModelByte.swift */,
				42D0AAB222FC1FFE00A77702 /* FinalModelInt16.swift */,
				42D0AAB322FC1FFE00A77702 /* FieldModel.swift */,
				42D0AAB422FC1FFE00A77702 /* Model.swift */,
				42D0AAB522FC1FFE00A77702 /* FieldModelString.swift */,
				42D0AAB622FC1FFE00A77702 /* FinalModelInt32.swift */,
				42D0AAB722FC1FFE00A77702 /* FinalModelDouble.swift */,
				42D0AAB822FC1FFE00A77702 /* FieldModelUInt8.swift */,
				42D0AAB922FC1FFE00A77702 /* FieldModelDouble.swift */,
				42D0AABA22FC1FFE00A77702 /* FinalModelBoolean.swift */,
				42D0AABB22FC1FFE00A77702 /* FinalModelString.swift */,
				42D0AABC22FC1FFE00A77702 /* FinalModelWChar.swift */,
				42D0AABD22FC1FFE00A77702 /* FinalModelUInt64.swift */,
				42D0AABE22FC1FFE00A77702 /* FieldModelDate.swift */,
				42D0AABF22FC1FFE00A77702 /* FinalModelInt8.swift */,
				42D0AAC022FC1FFE00A77702 /* FieldModelChar.swift */,
				42D0AAC122FC1FFE00A77702 /* FieldModelWChar.swift */,
				42D0AAC222FC1FFE00A77702 /* Size.swift */,
				42D0AAC322FC1FFE00A77702 /* FinalModelFloat.swift */,
				42D0AAC422FC1FFE00A77702 /* FinalModelBytes.swift */,
				42D0AAC522FC1FFE00A77702 /* FinalModelTimestamp.kt */,
				42D0AAC622FC1FFE00A77702 /* FinalModelDate.swift */,
				42D0AAC722FC1FFE00A77702 /* FieldModelFloat.swift */,
				42D0AAC822FC1FFE00A77702 /* FinalModelUInt32.swift */,
				42D0AAC922FC1FFE00A77702 /* FieldModelBytes.swift */,
				42D0AACA22FC1FFE00A77702 /* FieldModelInt8.swift */,
				42D0AACB22FC1FFE00A77702 /* FinalModelUInt16.swift */,
				42D0AACC22FC1FFE00A77702 /* FinalModelChar.swift */,
				42D0AACD22FC1FFE00A77702 /* FieldModelUInt32.swift */,
				42D0AACE22FC1FFE00A77702 /* FieldModelUInt16.swift */,
				42D0AACF22FC1FFE00A77702 /* FinalModel.swift */,
				42D0AAD022FC1FFE00A77702 /* FieldModelByte.swift */,
				42D0AAD122FC1FFE00A77702 /* FinalModelDecimal.swift */,
				42D0AAD222FC1FFE00A77702 /* FieldModelBoolean.swift */,
				42D0AAD322FC1FFE00A77702 /* FieldModelInt64.swift */,
				42D0AAD422FC1FFE00A77702 /* FinalModelInt64.swift */,
			);
			path = fbe;
			sourceTree = "<group>";
		};
		5521614822F812E8009773A3 = {
			isa = PBXGroup;
			children = (
				5521615322F812E8009773A3 /* FastBinaryEncoding */,
				5521616822F812E9009773A3 /* FastBinaryEncodingTests */,
				5521615222F812E8009773A3 /* Products */,
			);
			sourceTree = "<group>";
		};
		5521615222F812E8009773A3 /* Products */ = {
			isa = PBXGroup;
			children = (
				5521615122F812E8009773A3 /* FastBinaryEncoding.app */,
				5521616522F812E9009773A3 /* FastBinaryEncodingTests.xctest */,
			);
			name = Products;
			sourceTree = "<group>";
		};
		5521615322F812E8009773A3 /* FastBinaryEncoding */ = {
			isa = PBXGroup;
			children = (
				42D0AA8822FC1FFD00A77702 /* chronoxor */,
				5521615422F812E8009773A3 /* AppDelegate.swift */,
				5521615622F812E8009773A3 /* ViewController.swift */,
				5521615822F812E8009773A3 /* Main.storyboard */,
				5521615B22F812E9009773A3 /* Assets.xcassets */,
				5521615D22F812E9009773A3 /* LaunchScreen.storyboard */,
				5521616022F812E9009773A3 /* Info.plist */,
			);
			path = FastBinaryEncoding;
			sourceTree = "<group>";
		};
		5521616822F812E9009773A3 /* FastBinaryEncodingTests */ = {
			isa = PBXGroup;
			children = (
				42D0AB1E22FC5F6700A77702 /* Serialization.swift */,
				552162C022F95AA0009773A3 /* EnumsTest.swift */,
				5521616922F812E9009773A3 /* SendReceiveTests.swift */,
				552162AF22F848A9009773A3 /* SendReceiveFinalTest.swift */,
				5521616B22F812E9009773A3 /* Info.plist */,
			);
			path = FastBinaryEncodingTests;
			sourceTree = "<group>";
		};
/* End PBXGroup section */

/* Begin PBXNativeTarget section */
		5521615022F812E8009773A3 /* FastBinaryEncoding */ = {
			isa = PBXNativeTarget;
			buildConfigurationList = 5521616E22F812E9009773A3 /* Build configuration list for PBXNativeTarget "FastBinaryEncoding" */;
			buildPhases = (
				5521614D22F812E8009773A3 /* Sources */,
				5521614E22F812E8009773A3 /* Frameworks */,
				5521614F22F812E8009773A3 /* Resources */,
			);
			buildRules = (
			);
			dependencies = (
			);
			name = FastBinaryEncoding;
			productName = FastBinaryEncoding;
			productReference = 5521615122F812E8009773A3 /* FastBinaryEncoding.app */;
			productType = "com.apple.product-type.application";
		};
		5521616422F812E9009773A3 /* FastBinaryEncodingTests */ = {
			isa = PBXNativeTarget;
			buildConfigurationList = 5521617122F812E9009773A3 /* Build configuration list for PBXNativeTarget "FastBinaryEncodingTests" */;
			buildPhases = (
				5521616122F812E9009773A3 /* Sources */,
				5521616222F812E9009773A3 /* Frameworks */,
				5521616322F812E9009773A3 /* Resources */,
			);
			buildRules = (
			);
			dependencies = (
				5521616722F812E9009773A3 /* PBXTargetDependency */,
			);
			name = FastBinaryEncodingTests;
			productName = FastBinaryEncodingTests;
			productReference = 5521616522F812E9009773A3 /* FastBinaryEncodingTests.xctest */;
			productType = "com.apple.product-type.bundle.unit-test";
		};
/* End PBXNativeTarget section */

/* Begin PBXProject section */
		5521614922F812E8009773A3 /* Project object */ = {
			isa = PBXProject;
			attributes = {
				LastSwiftUpdateCheck = 1030;
				LastUpgradeCheck = 1030;
				ORGANIZATIONNAME = Andrey;
				TargetAttributes = {
					5521615022F812E8009773A3 = {
						CreatedOnToolsVersion = 10.3;
					};
					5521616422F812E9009773A3 = {
						CreatedOnToolsVersion = 10.3;
						TestTargetID = 5521615022F812E8009773A3;
					};
				};
			};
			buildConfigurationList = 5521614C22F812E8009773A3 /* Build configuration list for PBXProject "FastBinaryEncoding" */;
			compatibilityVersion = "Xcode 9.3";
			developmentRegion = en;
			hasScannedForEncodings = 0;
			knownRegions = (
				en,
				Base,
			);
			mainGroup = 5521614822F812E8009773A3;
			productRefGroup = 5521615222F812E8009773A3 /* Products */;
			projectDirPath = "";
			projectRoot = "";
			targets = (
				5521615022F812E8009773A3 /* FastBinaryEncoding */,
				5521616422F812E9009773A3 /* FastBinaryEncodingTests */,
			);
		};
/* End PBXProject section */

/* Begin PBXResourcesBuildPhase section */
		5521614F22F812E8009773A3 /* Resources */ = {
			isa = PBXResourcesBuildPhase;
			buildActionMask = 2147483647;
			files = (
				5521615F22F812E9009773A3 /* LaunchScreen.storyboard in Resources */,
				5521615C22F812E9009773A3 /* Assets.xcassets in Resources */,
				42D0AB0E22FC1FFE00A77702 /* FinalModelTimestamp.kt in Resources */,
				5521615A22F812E8009773A3 /* Main.storyboard in Resources */,
			);
			runOnlyForDeploymentPostprocessing = 0;
		};
		5521616322F812E9009773A3 /* Resources */ = {
			isa = PBXResourcesBuildPhase;
			buildActionMask = 2147483647;
			files = (
			);
			runOnlyForDeploymentPostprocessing = 0;
		};
/* End PBXResourcesBuildPhase section */

/* Begin PBXSourcesBuildPhase section */
		5521614D22F812E8009773A3 /* Sources */ = {
			isa = PBXSourcesBuildPhase;
			buildActionMask = 2147483647;
			files = (
				42D0AB0322FC1FFE00A77702 /* FinalModelBoolean.swift in Sources */,
				42D0AB0722FC1FFE00A77702 /* FieldModelDate.swift in Sources */,
				42D0AB0022FC1FFE00A77702 /* FinalModelDouble.swift in Sources */,
				42D0AAFB22FC1FFE00A77702 /* FinalModelInt16.swift in Sources */,
				42D0AAD822FC1FFE00A77702 /* FieldModelOrder.swift in Sources */,
				42D0AB1C22FC1FFE00A77702 /* FieldModelInt64.swift in Sources */,
				42D0AAEC22FC1FFE00A77702 /* FieldModelOrderSide.swift in Sources */,
				42D0AADA22FC1FFE00A77702 /* FinalModelOrderType.swift in Sources */,
				42D0AADE22FC1FFE00A77702 /* FieldModelBalance.swift in Sources */,
				42D0AAE522FC1FFE00A77702 /* FieldModelOptionalBalance.swift in Sources */,
				42D0AB0D22FC1FFE00A77702 /* FinalModelBytes.swift in Sources */,
				42D0AAE422FC1FFE00A77702 /* BalanceFinalModel.swift in Sources */,
				42D0AB1822FC1FFE00A77702 /* FinalModel.swift in Sources */,
				42D0AB1522FC1FFE00A77702 /* FinalModelChar.swift in Sources */,
				42D0AB1A22FC1FFE00A77702 /* FinalModelDecimal.swift in Sources */,
				42D0AAF722FC1FFE00A77702 /* Buffer.swift in Sources */,
				42D0AAED22FC1FFE00A77702 /* State.swift in Sources */,
				42D0AB1222FC1FFE00A77702 /* FieldModelBytes.swift in Sources */,
				42D0AB1122FC1FFE00A77702 /* FinalModelUInt32.swift in Sources */,
				42D0AB0422FC1FFE00A77702 /* FinalModelString.swift in Sources */,
				42D0AB1B22FC1FFE00A77702 /* FieldModelBoolean.swift in Sources */,
				42D0AAF222FC1FFE00A77702 /* Account.swift in Sources */,
				5521615722F812E8009773A3 /* ViewController.swift in Sources */,
				42D0AB1622FC1FFE00A77702 /* FieldModelUInt32.swift in Sources */,
				42D0AAFA22FC1FFE00A77702 /* FinalModelByte.swift in Sources */,
				42D0AB0122FC1FFE00A77702 /* FieldModelUInt8.swift in Sources */,
				42D0AAE622FC1FFE00A77702 /* FinalModelOrderSide.swift in Sources */,
				42D0AADB22FC1FFE00A77702 /* FinalModelOrder.swift in Sources */,
				42D0AAE822FC1FFE00A77702 /* FieldModelVectorOrder.swift in Sources */,
				42D0AB0622FC1FFE00A77702 /* FinalModelUInt64.swift in Sources */,
				42D0AB1922FC1FFE00A77702 /* FieldModelByte.swift in Sources */,
				42D0AAEF22FC1FFE00A77702 /* StateEnum.swift in Sources */,
				42D0AAFC22FC1FFE00A77702 /* FieldModel.swift in Sources */,
				42D0AAF922FC1FFE00A77702 /* FinalModelUInt8.swift in Sources */,
				42D0AB1D22FC1FFE00A77702 /* FinalModelInt64.swift in Sources */,
				42D0AAD522FC1FFE00A77702 /* OrderSide.swift in Sources */,
				42D0AAFF22FC1FFE00A77702 /* FinalModelInt32.swift in Sources */,
				42D0AB0522FC1FFE00A77702 /* FinalModelWChar.swift in Sources */,
				42D0AAE222FC1FFE00A77702 /* OrderFinalModel.swift in Sources */,
				42D0AAEA22FC1FFE00A77702 /* FieldModelAccount.swift in Sources */,
				42D0AB0922FC1FFE00A77702 /* FieldModelChar.swift in Sources */,
				42D0AB1322FC1FFE00A77702 /* FieldModelInt8.swift in Sources */,
				42D0AAF122FC1FFE00A77702 /* OrderTypeEnum.swift in Sources */,
				42D0AAD722FC1FFE00A77702 /* FinalModelState.swift in Sources */,
				42D0AAF322FC1FFE00A77702 /* OrderSideEnum.swift in Sources */,
				42D0AAD922FC1FFE00A77702 /* BalanceModel.swift in Sources */,
				42D0AB0222FC1FFE00A77702 /* FieldModelDouble.swift in Sources */,
				42D0AB0C22FC1FFE00A77702 /* FinalModelFloat.swift in Sources */,
				42D0AB0B22FC1FFE00A77702 /* Size.swift in Sources */,
				42D0AB1722FC1FFE00A77702 /* FieldModelUInt16.swift in Sources */,
				42D0AADC22FC1FFE00A77702 /* FieldModelState.swift in Sources */,
				42D0AAE322FC1FFE00A77702 /* FinalModelOptionalBalance.swift in Sources */,
				42D0AAEB22FC1FFE00A77702 /* FinalModelVectorOrder.swift in Sources */,
				42D0AAF022FC1FFE00A77702 /* OrderType.swift in Sources */,
				42D0AAE122FC1FFE00A77702 /* FieldModelOrderType.swift in Sources */,
				5521615522F812E8009773A3 /* AppDelegate.swift in Sources */,
				42D0AAFD22FC1FFE00A77702 /* Model.swift in Sources */,
				42D0AB0A22FC1FFE00A77702 /* FieldModelWChar.swift in Sources */,
				42D0AADF22FC1FFE00A77702 /* FinalModelAccount.swift in Sources */,
				42D0AAF822FC1FFE00A77702 /* FieldModelUInt64.swift in Sources */,
				42D0AADD22FC1FFE00A77702 /* AccountModel.swift in Sources */,
				42D0AAEE22FC1FFE00A77702 /* Balance.swift in Sources */,
				42D0AAE922FC1FFE00A77702 /* AccountFinalModel.swift in Sources */,
				42D0AB0F22FC1FFE00A77702 /* FinalModelDate.swift in Sources */,
				42D0AAE722FC1FFE00A77702 /* FinalModelBalance.swift in Sources */,
				42D0AAD622FC1FFE00A77702 /* Order.swift in Sources */,
				42D0AAE022FC1FFE00A77702 /* OrderModel.swift in Sources */,
				42D0AB0822FC1FFE00A77702 /* FinalModelInt8.swift in Sources */,
				42D0AB1022FC1FFE00A77702 /* FieldModelFloat.swift in Sources */,
				42D0AAFE22FC1FFE00A77702 /* FieldModelString.swift in Sources */,
				42D0AAF422FC1FFE00A77702 /* FieldModelInt16.swift in Sources */,
				42D0AAF622FC1FFE00A77702 /* FieldModelInt32.swift in Sources */,
				42D0AB1422FC1FFE00A77702 /* FinalModelUInt16.swift in Sources */,
			);
			runOnlyForDeploymentPostprocessing = 0;
		};
		5521616122F812E9009773A3 /* Sources */ = {
			isa = PBXSourcesBuildPhase;
			buildActionMask = 2147483647;
			files = (
				42D0AB1F22FC5F6700A77702 /* Serialization.swift in Sources */,
				552162C122F95AA0009773A3 /* EnumsTest.swift in Sources */,
				5521616A22F812E9009773A3 /* SendReceiveTests.swift in Sources */,
				552162B022F848A9009773A3 /* SendReceiveFinalTest.swift in Sources */,
			);
			runOnlyForDeploymentPostprocessing = 0;
		};
/* End PBXSourcesBuildPhase section */

/* Begin PBXTargetDependency section */
		5521616722F812E9009773A3 /* PBXTargetDependency */ = {
			isa = PBXTargetDependency;
			target = 5521615022F812E8009773A3 /* FastBinaryEncoding */;
			targetProxy = 5521616622F812E9009773A3 /* PBXContainerItemProxy */;
		};
/* End PBXTargetDependency section */

/* Begin PBXVariantGroup section */
		5521615822F812E8009773A3 /* Main.storyboard */ = {
			isa = PBXVariantGroup;
			children = (
				5521615922F812E8009773A3 /* Base */,
			);
			name = Main.storyboard;
			sourceTree = "<group>";
		};
		5521615D22F812E9009773A3 /* LaunchScreen.storyboard */ = {
			isa = PBXVariantGroup;
			children = (
				5521615E22F812E9009773A3 /* Base */,
			);
			name = LaunchScreen.storyboard;
			sourceTree = "<group>";
		};
/* End PBXVariantGroup section */

/* Begin XCBuildConfiguration section */
		5521616C22F812E9009773A3 /* Debug */ = {
			isa = XCBuildConfiguration;
			buildSettings = {
				ALWAYS_SEARCH_USER_PATHS = NO;
				CLANG_ANALYZER_NONNULL = YES;
				CLANG_ANALYZER_NUMBER_OBJECT_CONVERSION = YES_AGGRESSIVE;
				CLANG_CXX_LANGUAGE_STANDARD = "gnu++14";
				CLANG_CXX_LIBRARY = "libc++";
				CLANG_ENABLE_MODULES = YES;
				CLANG_ENABLE_OBJC_ARC = YES;
				CLANG_ENABLE_OBJC_WEAK = YES;
				CLANG_WARN_BLOCK_CAPTURE_AUTORELEASING = YES;
				CLANG_WARN_BOOL_CONVERSION = YES;
				CLANG_WARN_COMMA = YES;
				CLANG_WARN_CONSTANT_CONVERSION = YES;
				CLANG_WARN_DEPRECATED_OBJC_IMPLEMENTATIONS = YES;
				CLANG_WARN_DIRECT_OBJC_ISA_USAGE = YES_ERROR;
				CLANG_WARN_DOCUMENTATION_COMMENTS = YES;
				CLANG_WARN_EMPTY_BODY = YES;
				CLANG_WARN_ENUM_CONVERSION = YES;
				CLANG_WARN_INFINITE_RECURSION = YES;
				CLANG_WARN_INT_CONVERSION = YES;
				CLANG_WARN_NON_LITERAL_NULL_CONVERSION = YES;
				CLANG_WARN_OBJC_IMPLICIT_RETAIN_SELF = YES;
				CLANG_WARN_OBJC_LITERAL_CONVERSION = YES;
				CLANG_WARN_OBJC_ROOT_CLASS = YES_ERROR;
				CLANG_WARN_RANGE_LOOP_ANALYSIS = YES;
				CLANG_WARN_STRICT_PROTOTYPES = YES;
				CLANG_WARN_SUSPICIOUS_MOVE = YES;
				CLANG_WARN_UNGUARDED_AVAILABILITY = YES_AGGRESSIVE;
				CLANG_WARN_UNREACHABLE_CODE = YES;
				CLANG_WARN__DUPLICATE_METHOD_MATCH = YES;
				CODE_SIGN_IDENTITY = "iPhone Developer";
				COPY_PHASE_STRIP = NO;
				DEBUG_INFORMATION_FORMAT = dwarf;
				ENABLE_STRICT_OBJC_MSGSEND = YES;
				ENABLE_TESTABILITY = YES;
				GCC_C_LANGUAGE_STANDARD = gnu11;
				GCC_DYNAMIC_NO_PIC = NO;
				GCC_NO_COMMON_BLOCKS = YES;
				GCC_OPTIMIZATION_LEVEL = 0;
				GCC_PREPROCESSOR_DEFINITIONS = (
					"DEBUG=1",
					"$(inherited)",
				);
				GCC_WARN_64_TO_32_BIT_CONVERSION = YES;
				GCC_WARN_ABOUT_RETURN_TYPE = YES_ERROR;
				GCC_WARN_UNDECLARED_SELECTOR = YES;
				GCC_WARN_UNINITIALIZED_AUTOS = YES_AGGRESSIVE;
				GCC_WARN_UNUSED_FUNCTION = YES;
				GCC_WARN_UNUSED_VARIABLE = YES;
				IPHONEOS_DEPLOYMENT_TARGET = 12.4;
				MTL_ENABLE_DEBUG_INFO = INCLUDE_SOURCE;
				MTL_FAST_MATH = YES;
				ONLY_ACTIVE_ARCH = YES;
				SDKROOT = iphoneos;
				SWIFT_ACTIVE_COMPILATION_CONDITIONS = DEBUG;
				SWIFT_OPTIMIZATION_LEVEL = "-Onone";
			};
			name = Debug;
		};
		5521616D22F812E9009773A3 /* Release */ = {
			isa = XCBuildConfiguration;
			buildSettings = {
				ALWAYS_SEARCH_USER_PATHS = NO;
				CLANG_ANALYZER_NONNULL = YES;
				CLANG_ANALYZER_NUMBER_OBJECT_CONVERSION = YES_AGGRESSIVE;
				CLANG_CXX_LANGUAGE_STANDARD = "gnu++14";
				CLANG_CXX_LIBRARY = "libc++";
				CLANG_ENABLE_MODULES = YES;
				CLANG_ENABLE_OBJC_ARC = YES;
				CLANG_ENABLE_OBJC_WEAK = YES;
				CLANG_WARN_BLOCK_CAPTURE_AUTORELEASING = YES;
				CLANG_WARN_BOOL_CONVERSION = YES;
				CLANG_WARN_COMMA = YES;
				CLANG_WARN_CONSTANT_CONVERSION = YES;
				CLANG_WARN_DEPRECATED_OBJC_IMPLEMENTATIONS = YES;
				CLANG_WARN_DIRECT_OBJC_ISA_USAGE = YES_ERROR;
				CLANG_WARN_DOCUMENTATION_COMMENTS = YES;
				CLANG_WARN_EMPTY_BODY = YES;
				CLANG_WARN_ENUM_CONVERSION = YES;
				CLANG_WARN_INFINITE_RECURSION = YES;
				CLANG_WARN_INT_CONVERSION = YES;
				CLANG_WARN_NON_LITERAL_NULL_CONVERSION = YES;
				CLANG_WARN_OBJC_IMPLICIT_RETAIN_SELF = YES;
				CLANG_WARN_OBJC_LITERAL_CONVERSION = YES;
				CLANG_WARN_OBJC_ROOT_CLASS = YES_ERROR;
				CLANG_WARN_RANGE_LOOP_ANALYSIS = YES;
				CLANG_WARN_STRICT_PROTOTYPES = YES;
				CLANG_WARN_SUSPICIOUS_MOVE = YES;
				CLANG_WARN_UNGUARDED_AVAILABILITY = YES_AGGRESSIVE;
				CLANG_WARN_UNREACHABLE_CODE = YES;
				CLANG_WARN__DUPLICATE_METHOD_MATCH = YES;
				CODE_SIGN_IDENTITY = "iPhone Developer";
				COPY_PHASE_STRIP = NO;
				DEBUG_INFORMATION_FORMAT = "dwarf-with-dsym";
				ENABLE_NS_ASSERTIONS = NO;
				ENABLE_STRICT_OBJC_MSGSEND = YES;
				GCC_C_LANGUAGE_STANDARD = gnu11;
				GCC_NO_COMMON_BLOCKS = YES;
				GCC_WARN_64_TO_32_BIT_CONVERSION = YES;
				GCC_WARN_ABOUT_RETURN_TYPE = YES_ERROR;
				GCC_WARN_UNDECLARED_SELECTOR = YES;
				GCC_WARN_UNINITIALIZED_AUTOS = YES_AGGRESSIVE;
				GCC_WARN_UNUSED_FUNCTION = YES;
				GCC_WARN_UNUSED_VARIABLE = YES;
				IPHONEOS_DEPLOYMENT_TARGET = 12.4;
				MTL_ENABLE_DEBUG_INFO = NO;
				MTL_FAST_MATH = YES;
				SDKROOT = iphoneos;
				SWIFT_COMPILATION_MODE = wholemodule;
				SWIFT_OPTIMIZATION_LEVEL = "-O";
				VALIDATE_PRODUCT = YES;
			};
			name = Release;
		};
		5521616F22F812E9009773A3 /* Debug */ = {
			isa = XCBuildConfiguration;
			buildSettings = {
				ASSETCATALOG_COMPILER_APPICON_NAME = AppIcon;
				CODE_SIGN_STYLE = Automatic;
				INFOPLIST_FILE = FastBinaryEncoding/Info.plist;
				LD_RUNPATH_SEARCH_PATHS = (
					"$(inherited)",
					"@executable_path/Frameworks",
				);
				PRODUCT_BUNDLE_IDENTIFIER = finstek.FastBinaryEncoding;
				PRODUCT_NAME = "$(TARGET_NAME)";
				SWIFT_VERSION = 5.0;
				TARGETED_DEVICE_FAMILY = "1,2";
			};
			name = Debug;
		};
		5521617022F812E9009773A3 /* Release */ = {
			isa = XCBuildConfiguration;
			buildSettings = {
				ASSETCATALOG_COMPILER_APPICON_NAME = AppIcon;
				CODE_SIGN_STYLE = Automatic;
				INFOPLIST_FILE = FastBinaryEncoding/Info.plist;
				LD_RUNPATH_SEARCH_PATHS = (
					"$(inherited)",
					"@executable_path/Frameworks",
				);
				PRODUCT_BUNDLE_IDENTIFIER = finstek.FastBinaryEncoding;
				PRODUCT_NAME = "$(TARGET_NAME)";
				SWIFT_VERSION = 5.0;
				TARGETED_DEVICE_FAMILY = "1,2";
			};
			name = Release;
		};
		5521617222F812E9009773A3 /* Debug */ = {
			isa = XCBuildConfiguration;
			buildSettings = {
				ALWAYS_EMBED_SWIFT_STANDARD_LIBRARIES = YES;
				BUNDLE_LOADER = "$(TEST_HOST)";
				CODE_SIGN_STYLE = Automatic;
				INFOPLIST_FILE = FastBinaryEncodingTests/Info.plist;
				LD_RUNPATH_SEARCH_PATHS = (
					"$(inherited)",
					"@executable_path/Frameworks",
					"@loader_path/Frameworks",
				);
				PRODUCT_BUNDLE_IDENTIFIER = finstek.FastBinaryEncodingTests;
				PRODUCT_NAME = "$(TARGET_NAME)";
				SWIFT_VERSION = 5.0;
				TARGETED_DEVICE_FAMILY = "1,2";
				TEST_HOST = "$(BUILT_PRODUCTS_DIR)/FastBinaryEncoding.app/FastBinaryEncoding";
			};
			name = Debug;
		};
		5521617322F812E9009773A3 /* Release */ = {
			isa = XCBuildConfiguration;
			buildSettings = {
				ALWAYS_EMBED_SWIFT_STANDARD_LIBRARIES = YES;
				BUNDLE_LOADER = "$(TEST_HOST)";
				CODE_SIGN_STYLE = Automatic;
				INFOPLIST_FILE = FastBinaryEncodingTests/Info.plist;
				LD_RUNPATH_SEARCH_PATHS = (
					"$(inherited)",
					"@executable_path/Frameworks",
					"@loader_path/Frameworks",
				);
				PRODUCT_BUNDLE_IDENTIFIER = finstek.FastBinaryEncodingTests;
				PRODUCT_NAME = "$(TARGET_NAME)";
				SWIFT_VERSION = 5.0;
				TARGETED_DEVICE_FAMILY = "1,2";
				TEST_HOST = "$(BUILT_PRODUCTS_DIR)/FastBinaryEncoding.app/FastBinaryEncoding";
			};
			name = Release;
		};
/* End XCBuildConfiguration section */

/* Begin XCConfigurationList section */
		5521614C22F812E8009773A3 /* Build configuration list for PBXProject "FastBinaryEncoding" */ = {
			isa = XCConfigurationList;
			buildConfigurations = (
				5521616C22F812E9009773A3 /* Debug */,
				5521616D22F812E9009773A3 /* Release */,
			);
			defaultConfigurationIsVisible = 0;
			defaultConfigurationName = Release;
		};
		5521616E22F812E9009773A3 /* Build configuration list for PBXNativeTarget "FastBinaryEncoding" */ = {
			isa = XCConfigurationList;
			buildConfigurations = (
				5521616F22F812E9009773A3 /* Debug */,
				5521617022F812E9009773A3 /* Release */,
			);
			defaultConfigurationIsVisible = 0;
			defaultConfigurationName = Release;
		};
		5521617122F812E9009773A3 /* Build configuration list for PBXNativeTarget "FastBinaryEncodingTests" */ = {
			isa = XCConfigurationList;
			buildConfigurations = (
				5521617222F812E9009773A3 /* Debug */,
				5521617322F812E9009773A3 /* Release */,
			);
			defaultConfigurationIsVisible = 0;
			defaultConfigurationName = Release;
		};
/* End XCConfigurationList section */
	};
	rootObject = 5521614922F812E8009773A3 /* Project object */;
}
